PODS:
  - JSONModel (1.7.0)
  - JSPatch (1.1.3):
    - JSPatch/Core (= 1.1.3)
  - JSPatch/Core (1.1.3)
  - Masonry (1.1.0)
  - ReactiveObjC (3.1.1)
  - WechatOpenSDK (1.8.6)
  - ZXCategories (0.3.6):
    - ZXCategories/Foundation (= 0.3.6)
    - ZXCategories/UIKit (= 0.3.6)
  - ZXCategories/Foundation (0.3.6)
  - ZXCategories/UIKit (0.3.6)

DEPENDENCIES:
  - JSONModel (~> 1.7.0)
  - JSPatch
  - Masonry
  - ReactiveObjC (~> 3.1.0)
  - WechatOpenSDK (~> 1.8.5)
  - ZXCategories

SPEC REPOS:
  trunk:
    - JSONModel
    - JSPatch
    - Masonry
    - ReactiveObjC
    - WechatOpenSDK
    - ZXCategories

SPEC CHECKSUMS:
  JSONModel: 840bc0fcffb24b8454d2c026bf26fea454b8e98d
  JSPatch: 02cfed591cb907bbfe80a346666e5a35fc2d349d
  Masonry: 678fab65091a9290e40e2832a55e7ab731aad201
  ReactiveObjC: 011caa393aa0383245f2dcf9bf02e86b80b36040
  WechatOpenSDK: 368ae03b72ee3ea1328c4f11326fbb5d2721d118
  ZXCategories: 32406b3d0b378d2be7b35d4a0fa1c9bcb0ad25e2

PODFILE CHECKSUM: b1631ed83359e144d8cb874be47800c99aea65ce

COCOAPODS: 1.8.4
